
Microsoft Visual Studio Solution File, Format Version 12.00
# Visual Studio Version 17
VisualStudioVersion = 17.7.34221.43
MinimumVisualStudioVersion = 10.0.40219.1
Project("{FAE04EC0-301F-11D3-BF4B-00C04F79EFBC}") = "LearnAPI", "LearnAPI\LearnAPI.csproj", "{853C8EC2-76D4-416A-81C1-1176D72232F5}"
EndProject
Global
	GlobalSection(SolutionConfigurationPlatforms) = preSolution
		Debug|Any CPU = Debug|Any CPU
		Release|Any CPU = Release|Any CPU
	EndGlobalSection
	GlobalSection(ProjectConfigurationPlatforms) = postSolution
		{853C8EC2-76D4-416A-81C1-1176D72232F5}.Debug|Any CPU.ActiveCfg = Debug|Any CPU
		{853C8EC2-76D4-416A-81C1-1176D72232F5}.Debug|Any CPU.Build.0 = Debug|Any CPU
		{853C8EC2-76D4-416A-81C1-1176D72232F5}.Release|Any CPU.ActiveCfg = Release|Any CPU
		{853C8EC2-76D4-416A-81C1-1176D72232F5}.Release|Any CPU.Build.0 = Release|Any CPU
	EndGlobalSection
	GlobalSection(SolutionProperties) = preSolution
		HideSolutionNode = FALSE
	EndGlobalSection
	GlobalSection(ExtensibilityGlobals) = postSolution
		SolutionGuid = {4F897F59-0CBA-4D5D-A1D2-DBCE00C574E6}
	EndGlobalSection
EndGlobal
